{
    "_readme": [
        "This file locks the dependencies of your project to a known state",
        "Read more about it at https://getcomposer.org/doc/01-basic-usage.md#composer-lock-the-lock-file",
        "This file is @generated automatically"
    ],
    "hash": "a31e651ea26a527432562441b3545e0a",
    "content-hash": "c43ceea98646f3ef85cd2f04d3f32b27",
    "packages": [
        {
            "name": "doctrine/inflector",
            "version": "v1.1.0",
            "source": {
                "type": "git",
                "url": "https://github.com/doctrine/inflector.git",
                "reference": "90b2128806bfde671b6952ab8bea493942c1fdae"
            },
            "dist": {
                "type": "zip",
                "url": "https://api.github.com/repos/doctrine/inflector/zipball/90b2128806bfde671b6952ab8bea493942c1fdae",
                "reference": "90b2128806bfde671b6952ab8bea493942c1fdae",
                "shasum": ""
            },
            "require": {
                "php": ">=5.3.2"
            },
            "require-dev": {
                "phpunit/phpunit": "4.*"
            },
            "type": "library",
            "extra": {
                "branch-alias": {
                    "dev-master": "1.1.x-dev"
                }
            },
            "autoload": {
                "psr-0": {
                    "Doctrine\\Common\\Inflector\\": "lib/"
                }
            },
            "notification-url": "https://packagist.org/downloads/",
            "license": [
                "MIT"
            ],
            "authors": [
                {
                    "name": "Roman Borschel",
                    "email": "roman@code-factory.org"
                },
                {
                    "name": "Benjamin Eberlei",
                    "email": "kontakt@beberlei.de"
                },
                {
                    "name": "Guilherme Blanco",
                    "email": "guilhermeblanco@gmail.com"
                },
                {
                    "name": "Jonathan Wage",
                    "email": "jonwage@gmail.com"
                },
                {
                    "name": "Johannes Schmitt",
                    "email": "schmittjoh@gmail.com"
                }
            ],
            "description": "Common String Manipulations with regard to casing and singular/plural rules.",
            "homepage": "http://www.doctrine-project.org",
            "keywords": [
                "inflection",
                "pluralize",
                "singularize",
                "string"
            ],
            "time": "2015-11-06 14:35:42"
        },
        {
            "name": "illuminate/container",
            "version": "v5.2.27",
            "source": {
                "type": "git",
                "url": "https://github.com/illuminate/container.git",
                "reference": "1e156f8017490f5583ab161030bf839c77c95e54"
            },
            "dist": {
                "type": "zip",
                "url": "https://api.github.com/repos/illuminate/container/zipball/1e156f8017490f5583ab161030bf839c77c95e54",
                "reference": "1e156f8017490f5583ab161030bf839c77c95e54",
                "shasum": ""
            },
            "require": {
                "illuminate/contracts": "5.2.*",
                "php": ">=5.5.9"
            },
            "type": "library",
            "extra": {
                "branch-alias": {
                    "dev-master": "5.2-dev"
                }
            },
            "autoload": {
                "psr-4": {
                    "Illuminate\\Container\\": ""
                }
            },
            "notification-url": "https://packagist.org/downloads/",
            "license": [
                "MIT"
            ],
            "authors": [
                {
                    "name": "Taylor Otwell",
                    "email": "taylorotwell@gmail.com"
                }
            ],
            "description": "The Illuminate Container package.",
            "homepage": "http://laravel.com",
            "time": "2016-03-16 17:19:17"
        },
        {
            "name": "illuminate/contracts",
            "version": "v5.2.27",
            "source": {
                "type": "git",
                "url": "https://github.com/illuminate/contracts.git",
                "reference": "411b851962c211078ade7664a6976e77a78cd2a5"
            },
            "dist": {
                "type": "zip",
                "url": "https://api.github.com/repos/illuminate/contracts/zipball/411b851962c211078ade7664a6976e77a78cd2a5",
                "reference": "411b851962c211078ade7664a6976e77a78cd2a5",
                "shasum": ""
            },
            "require": {
                "php": ">=5.5.9"
            },
            "type": "library",
            "extra": {
                "branch-alias": {
                    "dev-master": "5.2-dev"
                }
            },
            "autoload": {
                "psr-4": {
                    "Illuminate\\Contracts\\": ""
                }
            },
            "notification-url": "https://packagist.org/downloads/",
            "license": [
                "MIT"
            ],
            "authors": [
                {
                    "name": "Taylor Otwell",
                    "email": "taylorotwell@gmail.com"
                }
            ],
            "description": "The Illuminate Contracts package.",
            "homepage": "http://laravel.com",
            "time": "2016-03-07 20:37:17"
        },
        {
            "name": "illuminate/events",
            "version": "v5.2.27",
            "source": {
                "type": "git",
                "url": "https://github.com/illuminate/events.git",
                "reference": "5a5e5d72bf3a2d01d8b15e89440026a60bc4a81b"
            },
            "dist": {
                "type": "zip",
                "url": "https://api.github.com/repos/illuminate/events/zipball/5a5e5d72bf3a2d01d8b15e89440026a60bc4a81b",
                "reference": "5a5e5d72bf3a2d01d8b15e89440026a60bc4a81b",
                "shasum": ""
            },
            "require": {
                "illuminate/container": "5.2.*",
                "illuminate/contracts": "5.2.*",
                "illuminate/support": "5.2.*",
                "php": ">=5.5.9"
            },
            "type": "library",
            "extra": {
                "branch-alias": {
                    "dev-master": "5.2-dev"
                }
            },
            "autoload": {
                "psr-4": {
                    "Illuminate\\Events\\": ""
                }
            },
            "notification-url": "https://packagist.org/downloads/",
            "license": [
                "MIT"
            ],
            "authors": [
                {
                    "name": "Taylor Otwell",
                    "email": "taylorotwell@gmail.com"
                }
            ],
            "description": "The Illuminate Events package.",
            "homepage": "http://laravel.com",
            "time": "2016-01-01 01:00:19"
        },
        {
            "name": "illuminate/filesystem",
            "version": "v5.2.27",
            "source": {
                "type": "git",
                "url": "https://github.com/illuminate/filesystem.git",
                "reference": "e197f38660beab95743d9d5565d0f11d956288ea"
            },
            "dist": {
                "type": "zip",
                "url": "https://api.github.com/repos/illuminate/filesystem/zipball/e197f38660beab95743d9d5565d0f11d956288ea",
                "reference": "e197f38660beab95743d9d5565d0f11d956288ea",
                "shasum": ""
            },
            "require": {
                "illuminate/contracts": "5.2.*",
                "illuminate/support": "5.2.*",
                "php": ">=5.5.9",
                "symfony/finder": "2.8.*|3.0.*"
            },
            "suggest": {
                "league/flysystem": "Required to use the Flysystem local and FTP drivers (~1.0).",
                "league/flysystem-aws-s3-v3": "Required to use the Flysystem S3 driver (~1.0).",
                "league/flysystem-rackspace": "Required to use the Flysystem Rackspace driver (~1.0)."
            },
            "type": "library",
            "extra": {
                "branch-alias": {
                    "dev-master": "5.2-dev"
                }
            },
            "autoload": {
                "psr-4": {
                    "Illuminate\\Filesystem\\": ""
                }
            },
            "notification-url": "https://packagist.org/downloads/",
            "license": [
                "MIT"
            ],
            "authors": [
                {
                    "name": "Taylor Otwell",
                    "email": "taylorotwell@gmail.com"
                }
            ],
            "description": "The Illuminate Filesystem package.",
            "homepage": "http://laravel.com",
            "time": "2016-03-21 14:55:26"
        },
        {
            "name": "illuminate/support",
            "version": "v5.2.27",
            "source": {
                "type": "git",
                "url": "https://github.com/illuminate/support.git",
                "reference": "b8d2131e38fc26e42f742c7af68de1ca726a545c"
            },
            "dist": {
                "type": "zip",
                "url": "https://api.github.com/repos/illuminate/support/zipball/b8d2131e38fc26e42f742c7af68de1ca726a545c",
                "reference": "b8d2131e38fc26e42f742c7af68de1ca726a545c",
                "shasum": ""
            },
            "require": {
                "doctrine/inflector": "~1.0",
                "ext-mbstring": "*",
                "illuminate/contracts": "5.2.*",
                "paragonie/random_compat": "~1.4",
                "php": ">=5.5.9"
            },
            "suggest": {
                "illuminate/filesystem": "Required to use the composer class (5.2.*).",
                "jeremeamia/superclosure": "Required to be able to serialize closures (~2.2).",
                "symfony/polyfill-php56": "Required to use the hash_equals function on PHP 5.5 (~1.0).",
                "symfony/process": "Required to use the composer class (2.8.*|3.0.*).",
                "symfony/var-dumper": "Improves the dd function (2.8.*|3.0.*)."
            },
            "type": "library",
            "extra": {
                "branch-alias": {
                    "dev-master": "5.2-dev"
                }
            },
            "autoload": {
                "psr-4": {
                    "Illuminate\\Support\\": ""
                },
                "files": [
                    "helpers.php"
                ]
            },
            "notification-url": "https://packagist.org/downloads/",
            "license": [
                "MIT"
            ],
            "authors": [
                {
                    "name": "Taylor Otwell",
                    "email": "taylorotwell@gmail.com"
                }
            ],
            "description": "The Illuminate Support package.",
            "homepage": "http://laravel.com",
            "time": "2016-03-29 11:17:27"
        },
        {
            "name": "illuminate/view",
            "version": "v5.2.27",
            "source": {
                "type": "git",
                "url": "https://github.com/illuminate/view.git",
                "reference": "a0e77662f06eaae851469ebf132868c9024a259d"
            },
            "dist": {
                "type": "zip",
                "url": "https://api.github.com/repos/illuminate/view/zipball/a0e77662f06eaae851469ebf132868c9024a259d",
                "reference": "a0e77662f06eaae851469ebf132868c9024a259d",
                "shasum": ""
            },
            "require": {
                "illuminate/container": "5.2.*",
                "illuminate/contracts": "5.2.*",
                "illuminate/events": "5.2.*",
                "illuminate/filesystem": "5.2.*",
                "illuminate/support": "5.2.*",
                "php": ">=5.5.9"
            },
            "type": "library",
            "extra": {
                "branch-alias": {
                    "dev-master": "5.2-dev"
                }
            },
            "autoload": {
                "psr-4": {
                    "Illuminate\\View\\": ""
                }
            },
            "notification-url": "https://packagist.org/downloads/",
            "license": [
                "MIT"
            ],
            "authors": [
                {
                    "name": "Taylor Otwell",
                    "email": "taylorotwell@gmail.com"
                }
            ],
            "description": "The Illuminate View package.",
            "homepage": "http://laravel.com",
            "time": "2016-03-28 15:19:10"
        },
        {
            "name": "jenssegers/blade",
            "version": "v1.0.0",
            "source": {
                "type": "git",
                "url": "https://github.com/jenssegers/blade.git",
                "reference": "14b64109104ca2eac1f9fb8e5da0dc6c3c96b762"
            },
            "dist": {
                "type": "zip",
                "url": "https://api.github.com/repos/jenssegers/blade/zipball/14b64109104ca2eac1f9fb8e5da0dc6c3c96b762",
                "reference": "14b64109104ca2eac1f9fb8e5da0dc6c3c96b762",
                "shasum": ""
            },
            "require": {
                "illuminate/view": "^5.1"
            },
            "require-dev": {
                "mockery/mockery": "^0.9",
                "phpunit/phpunit": "^4.0",
                "satooshi/php-coveralls": "0.6"
            },
            "type": "library",
            "autoload": {
                "psr-4": {
                    "Jenssegers\\Blade\\": "src/"
                }
            },
            "notification-url": "https://packagist.org/downloads/",
            "license": [
                "MIT"
            ],
            "authors": [
                {
                    "name": "Jens Segers",
                    "homepage": "http://jenssegers.be"
                }
            ],
            "description": "The standalone version of Laravel's Blade templating engine for use outside of Laravel.",
            "keywords": [
                "blade",
                "laravel",
                "render",
                "template",
                "view"
            ],
            "time": "2015-08-29 09:09:57"
        },
        {
            "name": "paragonie/random_compat",
            "version": "v1.4.1",
            "source": {
                "type": "git",
                "url": "https://github.com/paragonie/random_compat.git",
                "reference": "c7e26a21ba357863de030f0b9e701c7d04593774"
            },
            "dist": {
                "type": "zip",
                "url": "https://api.github.com/repos/paragonie/random_compat/zipball/c7e26a21ba357863de030f0b9e701c7d04593774",
                "reference": "c7e26a21ba357863de030f0b9e701c7d04593774",
                "shasum": ""
            },
            "require": {
                "php": ">=5.2.0"
            },
            "require-dev": {
                "phpunit/phpunit": "4.*|5.*"
            },
            "suggest": {
                "ext-libsodium": "Provides a modern crypto API that can be used to generate random bytes."
            },
            "type": "library",
            "autoload": {
                "files": [
                    "lib/random.php"
                ]
            },
            "notification-url": "https://packagist.org/downloads/",
            "license": [
                "MIT"
            ],
            "authors": [
                {
                    "name": "Paragon Initiative Enterprises",
                    "email": "security@paragonie.com",
                    "homepage": "https://paragonie.com"
                }
            ],
            "description": "PHP 5.x polyfill for random_bytes() and random_int() from PHP 7",
            "keywords": [
                "csprng",
                "pseudorandom",
                "random"
            ],
            "time": "2016-03-18 20:34:03"
        },
        {
            "name": "symfony/finder",
            "version": "v3.0.3",
            "source": {
                "type": "git",
                "url": "https://github.com/symfony/finder.git",
                "reference": "623bda0abd9aa29e529c8e9c08b3b84171914723"
            },
            "dist": {
                "type": "zip",
                "url": "https://api.github.com/repos/symfony/finder/zipball/623bda0abd9aa29e529c8e9c08b3b84171914723",
                "reference": "623bda0abd9aa29e529c8e9c08b3b84171914723",
                "shasum": ""
            },
            "require": {
                "php": ">=5.5.9"
            },
            "type": "library",
            "extra": {
                "branch-alias": {
                    "dev-master": "3.0-dev"
                }
            },
            "autoload": {
                "psr-4": {
                    "Symfony\\Component\\Finder\\": ""
                },
                "exclude-from-classmap": [
                    "/Tests/"
                ]
            },
            "notification-url": "https://packagist.org/downloads/",
            "license": [
                "MIT"
            ],
            "authors": [
                {
                    "name": "Fabien Potencier",
                    "email": "fabien@symfony.com"
                },
                {
                    "name": "Symfony Community",
                    "homepage": "https://symfony.com/contributors"
                }
            ],
            "description": "Symfony Finder Component",
            "homepage": "https://symfony.com",
            "time": "2016-01-27 05:14:46"
        },
        {
            "name": "twig/twig",
            "version": "v1.24.0",
            "source": {
                "type": "git",
                "url": "https://github.com/twigphp/Twig.git",
                "reference": "3e5aa30ebfbafd5951fb1b01e338e1800ce7e0e8"
            },
            "dist": {
                "type": "zip",
                "url": "https://api.github.com/repos/twigphp/Twig/zipball/3e5aa30ebfbafd5951fb1b01e338e1800ce7e0e8",
                "reference": "3e5aa30ebfbafd5951fb1b01e338e1800ce7e0e8",
                "shasum": ""
            },
            "require": {
                "php": ">=5.2.7"
            },
            "require-dev": {
                "symfony/debug": "~2.7",
                "symfony/phpunit-bridge": "~2.7"
            },
            "type": "library",
            "extra": {
                "branch-alias": {
                    "dev-master": "1.24-dev"
                }
            },
            "autoload": {
                "psr-0": {
                    "Twig_": "lib/"
                }
            },
            "notification-url": "https://packagist.org/downloads/",
            "license": [
                "BSD-3-Clause"
            ],
            "authors": [
                {
                    "name": "Fabien Potencier",
                    "email": "fabien@symfony.com",
                    "homepage": "http://fabien.potencier.org",
                    "role": "Lead Developer"
                },
                {
                    "name": "Armin Ronacher",
                    "email": "armin.ronacher@active-4.com",
                    "role": "Project Founder"
                },
                {
                    "name": "Twig Team",
                    "homepage": "http://twig.sensiolabs.org/contributors",
                    "role": "Contributors"
                }
            ],
            "description": "Twig, the flexible, fast, and secure template language for PHP",
            "homepage": "http://twig.sensiolabs.org",
            "keywords": [
                "templating"
            ],
            "time": "2016-01-25 21:22:18"
        },
        {
            "name": "vlucas/phpdotenv",
            "version": "v2.2.0",
            "source": {
                "type": "git",
                "url": "https://github.com/vlucas/phpdotenv.git",
                "reference": "9caf304153dc2288e4970caec6f1f3b3bc205412"
            },
            "dist": {
                "type": "zip",
                "url": "https://api.github.com/repos/vlucas/phpdotenv/zipball/9caf304153dc2288e4970caec6f1f3b3bc205412",
                "reference": "9caf304153dc2288e4970caec6f1f3b3bc205412",
                "shasum": ""
            },
            "require": {
                "php": ">=5.3.9"
            },
            "require-dev": {
                "phpunit/phpunit": "^4.8|^5.0"
            },
            "type": "library",
            "extra": {
                "branch-alias": {
                    "dev-master": "2.2-dev"
                }
            },
            "autoload": {
                "psr-4": {
                    "Dotenv\\": "src/"
                }
            },
            "notification-url": "https://packagist.org/downloads/",
            "license": [
                "BSD"
            ],
            "authors": [
                {
                    "name": "Vance Lucas",
                    "email": "vance@vancelucas.com",
                    "homepage": "http://www.vancelucas.com"
                }
            ],
            "description": "Loads environment variables from `.env` to `getenv()`, `$_ENV` and `$_SERVER` automagically.",
            "homepage": "http://github.com/vlucas/phpdotenv",
            "keywords": [
                "dotenv",
                "env",
                "environment"
            ],
            "time": "2015-12-29 15:10:30"
        }
    ],
    "packages-dev": [],
    "aliases": [],
    "minimum-stability": "stable",
    "stability-flags": [],
    "prefer-stable": false,
    "prefer-lowest": false,
    "platform": [],
    "platform-dev": []
}
